
Microsoft Visual Studio Solution File, Format Version 12.00
# Visual Studio Version 16
VisualStudioVersion = 16.0.30114.105
MinimumVisualStudioVersion = 10.0.40219.1
Project("{FAE04EC0-301F-11D3-BF4B-00C04F79EFBC}") = "API", "API\API.csproj", "{B35DA390-5696-4BF7-B8C0-207251758ECE}"
EndProject
Project("{FAE04EC0-301F-11D3-BF4B-00C04F79EFBC}") = "Application", "Application\Application.csproj", "{50D1931C-F5E7-401D-BF0D-0DAEE8BDC1D4}"
EndProject
Project("{FAE04EC0-301F-11D3-BF4B-00C04F79EFBC}") = "Persistence", "Persistence\Persistence.csproj", "{BD9D3780-1A7E-4876-AC09-B65F265CC24C}"
EndProject
Project("{FAE04EC0-301F-11D3-BF4B-00C04F79EFBC}") = "Domain", "Domain\Domain.csproj", "{4093E02A-7BA2-4A5F-A84C-105B34044DCC}"
EndProject
Global
	GlobalSection(SolutionConfigurationPlatforms) = preSolution
		Debug|Any CPU = Debug|Any CPU
		Release|Any CPU = Release|Any CPU
	EndGlobalSection
	GlobalSection(SolutionProperties) = preSolution
		HideSolutionNode = FALSE
	EndGlobalSection
	GlobalSection(ProjectConfigurationPlatforms) = postSolution
		{B35DA390-5696-4BF7-B8C0-207251758ECE}.Debug|Any CPU.ActiveCfg = Debug|Any CPU
		{B35DA390-5696-4BF7-B8C0-207251758ECE}.Debug|Any CPU.Build.0 = Debug|Any CPU
		{B35DA390-5696-4BF7-B8C0-207251758ECE}.Release|Any CPU.ActiveCfg = Release|Any CPU
		{B35DA390-5696-4BF7-B8C0-207251758ECE}.Release|Any CPU.Build.0 = Release|Any CPU
		{50D1931C-F5E7-401D-BF0D-0DAEE8BDC1D4}.Debug|Any CPU.ActiveCfg = Debug|Any CPU
		{50D1931C-F5E7-401D-BF0D-0DAEE8BDC1D4}.Debug|Any CPU.Build.0 = Debug|Any CPU
		{50D1931C-F5E7-401D-BF0D-0DAEE8BDC1D4}.Release|Any CPU.ActiveCfg = Release|Any CPU
		{50D1931C-F5E7-401D-BF0D-0DAEE8BDC1D4}.Release|Any CPU.Build.0 = Release|Any CPU
		{BD9D3780-1A7E-4876-AC09-B65F265CC24C}.Debug|Any CPU.ActiveCfg = Debug|Any CPU
		{BD9D3780-1A7E-4876-AC09-B65F265CC24C}.Debug|Any CPU.Build.0 = Debug|Any CPU
		{BD9D3780-1A7E-4876-AC09-B65F265CC24C}.Release|Any CPU.ActiveCfg = Release|Any CPU
		{BD9D3780-1A7E-4876-AC09-B65F265CC24C}.Release|Any CPU.Build.0 = Release|Any CPU
		{4093E02A-7BA2-4A5F-A84C-105B34044DCC}.Debug|Any CPU.ActiveCfg = Debug|Any CPU
		{4093E02A-7BA2-4A5F-A84C-105B34044DCC}.Debug|Any CPU.Build.0 = Debug|Any CPU
		{4093E02A-7BA2-4A5F-A84C-105B34044DCC}.Release|Any CPU.ActiveCfg = Release|Any CPU
		{4093E02A-7BA2-4A5F-A84C-105B34044DCC}.Release|Any CPU.Build.0 = Release|Any CPU
	EndGlobalSection
EndGlobal
